// !$*UTF8*$!
{
	archiveVersion = 1;
	classes = {
	};
	objectVersion = 77;
	objects = {

/* Begin PBXBuildFile section */
		4B86CAFD2D2E12A500FC1205 /* GoogleService-Info.plist in Resources */ = {isa = PBXBuildFile; fileRef = 4B86CAFC2D2E12A500FC1205 /* GoogleService-Info.plist */; };
		4B86CB012D2E1CAD00FC1205 /* FirebaseCore in Frameworks */ = {isa = PBXBuildFile; productRef = 4B86CB002D2E1CAD00FC1205 /* FirebaseCore */; };
		4B86CB032D2E1CAD00FC1205 /* FirebaseFirestore in Frameworks */ = {isa = PBXBuildFile; productRef = 4B86CB022D2E1CAD00FC1205 /* FirebaseFirestore */; };
		4B86CB112D2EDBD300FC1205 /* .gitignore in Resources */ = {isa = PBXBuildFile; fileRef = 4B86CB102D2EDBD300FC1205 /* .gitignore */; };
/* End PBXBuildFile section */

/* Begin PBXContainerItemProxy section */
		4B86CA052D2C863900FC1205 /* PBXContainerItemProxy */ = {
			isa = PBXContainerItemProxy;
			containerPortal = 4B86C9EB2D2C863800FC1205 /* Project object */;
			proxyType = 1;
			remoteGlobalIDString = 4B86C9F22D2C863800FC1205;
			remoteInfo = NewsLetters;
		};
		4B86CA0F2D2C863900FC1205 /* PBXContainerItemProxy */ = {
			isa = PBXContainerItemProxy;
			containerPortal = 4B86C9EB2D2C863800FC1205 /* Project object */;
			proxyType = 1;
			remoteGlobalIDString = 4B86C9F22D2C863800FC1205;
			remoteInfo = NewsLetters;
		};
/* End PBXContainerItemProxy section */

/* Begin PBXFileReference section */
		4B86C9F32D2C863800FC1205 /* NewsLetters.app */ = {isa = PBXFileReference; explicitFileType = wrapper.application; includeInIndex = 0; path = NewsLetters.app; sourceTree = BUILT_PRODUCTS_DIR; };
		4B86CA042D2C863900FC1205 /* NewsLettersTests.xctest */ = {isa = PBXFileReference; explicitFileType = wrapper.cfbundle; includeInIndex = 0; path = NewsLettersTests.xctest; sourceTree = BUILT_PRODUCTS_DIR; };
		4B86CA0E2D2C863900FC1205 /* NewsLettersUITests.xctest */ = {isa = PBXFileReference; explicitFileType = wrapper.cfbundle; includeInIndex = 0; path = NewsLettersUITests.xctest; sourceTree = BUILT_PRODUCTS_DIR; };
		4B86CAFC2D2E12A500FC1205 /* GoogleService-Info.plist */ = {isa = PBXFileReference; lastKnownFileType = text.plist.xml; path = "GoogleService-Info.plist"; sourceTree = "<group>"; };
		4B86CB102D2EDBD300FC1205 /* .gitignore */ = {isa = PBXFileReference; lastKnownFileType = text; path = .gitignore; sourceTree = "<group>"; };
/* End PBXFileReference section */

/* Begin PBXFileSystemSynchronizedRootGroup section */
		4B86C9F52D2C863800FC1205 /* NewsLetters */ = {
			isa = PBXFileSystemSynchronizedRootGroup;
			path = NewsLetters;
			sourceTree = "<group>";
		};
		4B86CA072D2C863900FC1205 /* NewsLettersTests */ = {
			isa = PBXFileSystemSynchronizedRootGroup;
			path = NewsLettersTests;
			sourceTree = "<group>";
		};
		4B86CA112D2C863900FC1205 /* NewsLettersUITests */ = {
			isa = PBXFileSystemSynchronizedRootGroup;
			path = NewsLettersUITests;
			sourceTree = "<group>";
		};
/* End PBXFileSystemSynchronizedRootGroup section */

/* Begin PBXFrameworksBuildPhase section */
		4B86C9F02D2C863800FC1205 /* Frameworks */ = {
			isa = PBXFrameworksBuildPhase;
			buildActionMask = 2147483647;
			files = (
				4B86CB012D2E1CAD00FC1205 /* FirebaseCore in Frameworks */,
				4B86CB032D2E1CAD00FC1205 /* FirebaseFirestore in Frameworks */,
			);
			runOnlyForDeploymentPostprocessing = 0;
		};
		4B86CA012D2C863900FC1205 /* Frameworks */ = {
			isa = PBXFrameworksBuildPhase;
			buildActionMask = 2147483647;
			files = (
			);
			runOnlyForDeploymentPostprocessing = 0;
		};
		4B86CA0B2D2C863900FC1205 /* Frameworks */ = {
			isa = PBXFrameworksBuildPhase;
			buildActionMask = 2147483647;
			files = (
			);
			runOnlyForDeploymentPostprocessing = 0;
		};
/* End PBXFrameworksBuildPhase section */

/* Begin PBXGroup section */
		4B86C9EA2D2C863800FC1205 = {
			isa = PBXGroup;
			children = (
				4B86CB102D2EDBD300FC1205 /* .gitignore */,
				4B86CAFC2D2E12A500FC1205 /* GoogleService-Info.plist */,
				4B86C9F52D2C863800FC1205 /* NewsLetters */,
				4B86CA072D2C863900FC1205 /* NewsLettersTests */,
				4B86CA112D2C863900FC1205 /* NewsLettersUITests */,
				4B86C9F42D2C863800FC1205 /* Products */,
			);
			sourceTree = "<group>";
		};
		4B86C9F42D2C863800FC1205 /* Products */ = {
			isa = PBXGroup;
			children = (
				4B86C9F32D2C863800FC1205 /* NewsLetters.app */,
				4B86CA042D2C863900FC1205 /* NewsLettersTests.xctest */,
				4B86CA0E2D2C863900FC1205 /* NewsLettersUITests.xctest */,
			);
			name = Products;
			sourceTree = "<group>";
		};
/* End PBXGroup section */

/* Begin PBXNativeTarget section */
		4B86C9F22D2C863800FC1205 /* NewsLetters */ = {
			isa = PBXNativeTarget;
			buildConfigurationList = 4B86CA182D2C863900FC1205 /* Build configuration list for PBXNativeTarget "NewsLetters" */;
			buildPhases = (
				4B86C9EF2D2C863800FC1205 /* Sources */,
				4B86C9F02D2C863800FC1205 /* Frameworks */,
				4B86C9F12D2C863800FC1205 /* Resources */,
			);
			buildRules = (
			);
			dependencies = (
			);
			fileSystemSynchronizedGroups = (
				4B86C9F52D2C863800FC1205 /* NewsLetters */,
			);
			name = NewsLetters;
			packageProductDependencies = (
				4B86CB002D2E1CAD00FC1205 /* FirebaseCore */,
				4B86CB022D2E1CAD00FC1205 /* FirebaseFirestore */,
			);
			productName = NewsLetters;
			productReference = 4B86C9F32D2C863800FC1205 /* NewsLetters.app */;
			productType = "com.apple.product-type.application";
		};
		4B86CA032D2C863900FC1205 /* NewsLettersTests */ = {
			isa = PBXNativeTarget;
			buildConfigurationList = 4B86CA1B2D2C863900FC1205 /* Build configuration list for PBXNativeTarget "NewsLettersTests" */;
			buildPhases = (
				4B86CA002D2C863900FC1205 /* Sources */,
				4B86CA012D2C863900FC1205 /* Frameworks */,
				4B86CA022D2C863900FC1205 /* Resources */,
			);
			buildRules = (
			);
			dependencies = (
				4B86CA062D2C863900FC1205 /* PBXTargetDependency */,
			);
			fileSystemSynchronizedGroups = (
				4B86CA072D2C863900FC1205 /* NewsLettersTests */,
			);
			name = NewsLettersTests;
			packageProductDependencies = (
			);
			productName = NewsLettersTests;
			productReference = 4B86CA042D2C863900FC1205 /* NewsLettersTests.xctest */;
			productType = "com.apple.product-type.bundle.unit-test";
		};
		4B86CA0D2D2C863900FC1205 /* NewsLettersUITests */ = {
			isa = PBXNativeTarget;
			buildConfigurationList = 4B86CA1E2D2C863900FC1205 /* Build configuration list for PBXNativeTarget "NewsLettersUITests" */;
			buildPhases = (
				4B86CA0A2D2C863900FC1205 /* Sources */,
				4B86CA0B2D2C863900FC1205 /* Frameworks */,
				4B86CA0C2D2C863900FC1205 /* Resources */,
			);
			buildRules = (
			);
			dependencies = (
				4B86CA102D2C863900FC1205 /* PBXTargetDependency */,
			);
			fileSystemSynchronizedGroups = (
				4B86CA112D2C863900FC1205 /* NewsLettersUITests */,
			);
			name = NewsLettersUITests;
			packageProductDependencies = (
			);
			productName = NewsLettersUITests;
			productReference = 4B86CA0E2D2C863900FC1205 /* NewsLettersUITests.xctest */;
			productType = "com.apple.product-type.bundle.ui-testing";
		};
/* End PBXNativeTarget section */

/* Begin PBXProject section */
		4B86C9EB2D2C863800FC1205 /* Project object */ = {
			isa = PBXProject;
			attributes = {
				BuildIndependentTargetsInParallel = 1;
				LastSwiftUpdateCheck = 1610;
				LastUpgradeCheck = 1610;
				TargetAttributes = {
					4B86C9F22D2C863800FC1205 = {
						CreatedOnToolsVersion = 16.1;
					};
					4B86CA032D2C863900FC1205 = {
						CreatedOnToolsVersion = 16.1;
						TestTargetID = 4B86C9F22D2C863800FC1205;
					};
					4B86CA0D2D2C863900FC1205 = {
						CreatedOnToolsVersion = 16.1;
						TestTargetID = 4B86C9F22D2C863800FC1205;
					};
				};
			};
			buildConfigurationList = 4B86C9EE2D2C863800FC1205 /* Build configuration list for PBXProject "NewsLetters" */;
			developmentRegion = en;
			hasScannedForEncodings = 0;
			knownRegions = (
				en,
				Base,
			);
			mainGroup = 4B86C9EA2D2C863800FC1205;
			minimizedProjectReferenceProxies = 1;
			packageReferences = (
				4B86CAFF2D2E1CAD00FC1205 /* XCRemoteSwiftPackageReference "firebase-ios-sdk" */,
			);
			preferredProjectObjectVersion = 77;
			productRefGroup = 4B86C9F42D2C863800FC1205 /* Products */;
			projectDirPath = "";
			projectRoot = "";
			targets = (
				4B86C9F22D2C863800FC1205 /* NewsLetters */,
				4B86CA032D2C863900FC1205 /* NewsLettersTests */,
				4B86CA0D2D2C863900FC1205 /* NewsLettersUITests */,
			);
		};
/* End PBXProject section */

/* Begin PBXResourcesBuildPhase section */
		4B86C9F12D2C863800FC1205 /* Resources */ = {
			isa = PBXResourcesBuildPhase;
			buildActionMask = 2147483647;
			files = (
				4B86CB112D2EDBD300FC1205 /* .gitignore in Resources */,
				4B86CAFD2D2E12A500FC1205 /* GoogleService-Info.plist in Resources */,
			);
			runOnlyForDeploymentPostprocessing = 0;
		};
		4B86CA022D2C863900FC1205 /* Resources */ = {
			isa = PBXResourcesBuildPhase;
			buildActionMask = 2147483647;
			files = (
			);
			runOnlyForDeploymentPostprocessing = 0;
		};
		4B86CA0C2D2C863900FC1205 /* Resources */ = {
			isa = PBXResourcesBuildPhase;
			buildActionMask = 2147483647;
			files = (
			);
			runOnlyForDeploymentPostprocessing = 0;
		};
/* End PBXResourcesBuildPhase section */

/* Begin PBXSourcesBuildPhase section */
		4B86C9EF2D2C863800FC1205 /* Sources */ = {
			isa = PBXSourcesBuildPhase;
			buildActionMask = 2147483647;
			files = (
			);
			runOnlyForDeploymentPostprocessing = 0;
		};
		4B86CA002D2C863900FC1205 /* Sources */ = {
			isa = PBXSourcesBuildPhase;
			buildActionMask = 2147483647;
			files = (
			);
			runOnlyForDeploymentPostprocessing = 0;
		};
		4B86CA0A2D2C863900FC1205 /* Sources */ = {
			isa = PBXSourcesBuildPhase;
			buildActionMask = 2147483647;
			files = (
			);
			runOnlyForDeploymentPostprocessing = 0;
		};
/* End PBXSourcesBuildPhase section */

/* Begin PBXTargetDependency section */
		4B86CA062D2C863900FC1205 /* PBXTargetDependency */ = {
			isa = PBXTargetDependency;
			target = 4B86C9F22D2C863800FC1205 /* NewsLetters */;
			targetProxy = 4B86CA052D2C863900FC1205 /* PBXContainerItemProxy */;
		};
		4B86CA102D2C863900FC1205 /* PBXTargetDependency */ = {
			isa = PBXTargetDependency;
			target = 4B86C9F22D2C863800FC1205 /* NewsLetters */;
			targetProxy = 4B86CA0F2D2C863900FC1205 /* PBXContainerItemProxy */;
		};
/* End PBXTargetDependency section */

/* Begin XCBuildConfiguration section */
		4B86CA162D2C863900FC1205 /* Debug */ = {
			isa = XCBuildConfiguration;
			buildSettings = {
				ALWAYS_SEARCH_USER_PATHS = NO;
				ASSETCATALOG_COMPILER_GENERATE_SWIFT_ASSET_SYMBOL_EXTENSIONS = YES;
				CLANG_ANALYZER_NONNULL = YES;
				CLANG_ANALYZER_NUMBER_OBJECT_CONVERSION = YES_AGGRESSIVE;
				CLANG_CXX_LANGUAGE_STANDARD = "gnu++20";
				CLANG_ENABLE_MODULES = YES;
				CLANG_ENABLE_OBJC_ARC = YES;
				CLANG_ENABLE_OBJC_WEAK = YES;
				CLANG_WARN_BLOCK_CAPTURE_AUTORELEASING = YES;
				CLANG_WARN_BOOL_CONVERSION = YES;
				CLANG_WARN_COMMA = YES;
				CLANG_WARN_CONSTANT_CONVERSION = YES;
				CLANG_WARN_DEPRECATED_OBJC_IMPLEMENTATIONS = YES;
				CLANG_WARN_DIRECT_OBJC_ISA_USAGE = YES_ERROR;
				CLANG_WARN_DOCUMENTATION_COMMENTS = YES;
				CLANG_WARN_EMPTY_BODY = YES;
				CLANG_WARN_ENUM_CONVERSION = YES;
				CLANG_WARN_INFINITE_RECURSION = YES;
				CLANG_WARN_INT_CONVERSION = YES;
				CLANG_WARN_NON_LITERAL_NULL_CONVERSION = YES;
				CLANG_WARN_OBJC_IMPLICIT_RETAIN_SELF = YES;
				CLANG_WARN_OBJC_LITERAL_CONVERSION = YES;
				CLANG_WARN_OBJC_ROOT_CLASS = YES_ERROR;
				CLANG_WARN_QUOTED_INCLUDE_IN_FRAMEWORK_HEADER = YES;
				CLANG_WARN_RANGE_LOOP_ANALYSIS = YES;
				CLANG_WARN_STRICT_PROTOTYPES = YES;
				CLANG_WARN_SUSPICIOUS_MOVE = YES;
				CLANG_WARN_UNGUARDED_AVAILABILITY = YES_AGGRESSIVE;
				CLANG_WARN_UNREACHABLE_CODE = YES;
				CLANG_WARN__DUPLICATE_METHOD_MATCH = YES;
				COPY_PHASE_STRIP = NO;
				DEBUG_INFORMATION_FORMAT = dwarf;
				ENABLE_STRICT_OBJC_MSGSEND = YES;
				ENABLE_TESTABILITY = YES;
				ENABLE_USER_SCRIPT_SANDBOXING = YES;
				GCC_C_LANGUAGE_STANDARD = gnu17;
				GCC_DYNAMIC_NO_PIC = NO;
				GCC_NO_COMMON_BLOCKS = YES;
				GCC_OPTIMIZATION_LEVEL = 0;
				GCC_PREPROCESSOR_DEFINITIONS = (
					"DEBUG=1",
					"$(inherited)",
				);
				GCC_WARN_64_TO_32_BIT_CONVERSION = YES;
				GCC_WARN_ABOUT_RETURN_TYPE = YES_ERROR;
				GCC_WARN_UNDECLARED_SELECTOR = YES;
				GCC_WARN_UNINITIALIZED_AUTOS = YES_AGGRESSIVE;
				GCC_WARN_UNUSED_FUNCTION = YES;
				GCC_WARN_UNUSED_VARIABLE = YES;
				LOCALIZATION_PREFERS_STRING_CATALOGS = YES;
				MTL_ENABLE_DEBUG_INFO = INCLUDE_SOURCE;
				MTL_FAST_MATH = YES;
				ONLY_ACTIVE_ARCH = YES;
				SWIFT_ACTIVE_COMPILATION_CONDITIONS = "DEBUG $(inherited)";
				SWIFT_OPTIMIZATION_LEVEL = "-Onone";
			};
			name = Debug;
		};
		4B86CA172D2C863900FC1205 /* Release */ = {
			isa = XCBuildConfiguration;
			buildSettings = {
				ALWAYS_SEARCH_USER_PATHS = NO;
				ASSETCATALOG_COMPILER_GENERATE_SWIFT_ASSET_SYMBOL_EXTENSIONS = YES;
				CLANG_ANALYZER_NONNULL = YES;
				CLANG_ANALYZER_NUMBER_OBJECT_CONVERSION = YES_AGGRESSIVE;
				CLANG_CXX_LANGUAGE_STANDARD = "gnu++20";
				CLANG_ENABLE_MODULES = YES;
				CLANG_ENABLE_OBJC_ARC = YES;
				CLANG_ENABLE_OBJC_WEAK = YES;
				CLANG_WARN_BLOCK_CAPTURE_AUTORELEASING = YES;
				CLANG_WARN_BOOL_CONVERSION = YES;
				CLANG_WARN_COMMA = YES;
				CLANG_WARN_CONSTANT_CONVERSION = YES;
				CLANG_WARN_DEPRECATED_OBJC_IMPLEMENTATIONS = YES;
				CLANG_WARN_DIRECT_OBJC_ISA_USAGE = YES_ERROR;
				CLANG_WARN_DOCUMENTATION_COMMENTS = YES;
				CLANG_WARN_EMPTY_BODY = YES;
				CLANG_WARN_ENUM_CONVERSION = YES;
				CLANG_WARN_INFINITE_RECURSION = YES;
				CLANG_WARN_INT_CONVERSION = YES;
				CLANG_WARN_NON_LITERAL_NULL_CONVERSION = YES;
				CLANG_WARN_OBJC_IMPLICIT_RETAIN_SELF = YES;
				CLANG_WARN_OBJC_LITERAL_CONVERSION = YES;
				CLANG_WARN_OBJC_ROOT_CLASS = YES_ERROR;
				CLANG_WARN_QUOTED_INCLUDE_IN_FRAMEWORK_HEADER = YES;
				CLANG_WARN_RANGE_LOOP_ANALYSIS = YES;
				CLANG_WARN_STRICT_PROTOTYPES = YES;
				CLANG_WARN_SUSPICIOUS_MOVE = YES;
				CLANG_WARN_UNGUARDED_AVAILABILITY = YES_AGGRESSIVE;
				CLANG_WARN_UNREACHABLE_CODE = YES;
				CLANG_WARN__DUPLICATE_METHOD_MATCH = YES;
				COPY_PHASE_STRIP = NO;
				DEBUG_INFORMATION_FORMAT = "dwarf-with-dsym";
				ENABLE_NS_ASSERTIONS = NO;
				ENABLE_STRICT_OBJC_MSGSEND = YES;
				ENABLE_USER_SCRIPT_SANDBOXING = YES;
				GCC_C_LANGUAGE_STANDARD = gnu17;
				GCC_NO_COMMON_BLOCKS = YES;
				GCC_WARN_64_TO_32_BIT_CONVERSION = YES;
				GCC_WARN_ABOUT_RETURN_TYPE = YES_ERROR;
				GCC_WARN_UNDECLARED_SELECTOR = YES;
				GCC_WARN_UNINITIALIZED_AUTOS = YES_AGGRESSIVE;
				GCC_WARN_UNUSED_FUNCTION = YES;
				GCC_WARN_UNUSED_VARIABLE = YES;
				LOCALIZATION_PREFERS_STRING_CATALOGS = YES;
				MTL_ENABLE_DEBUG_INFO = NO;
				MTL_FAST_MATH = YES;
				SWIFT_COMPILATION_MODE = wholemodule;
			};
			name = Release;
		};
		4B86CA192D2C863900FC1205 /* Debug */ = {
			isa = XCBuildConfiguration;
			buildSettings = {
				ASSETCATALOG_COMPILER_APPICON_NAME = AppIcon;
				ASSETCATALOG_COMPILER_GLOBAL_ACCENT_COLOR_NAME = AccentColor;
				CODE_SIGN_ENTITLEMENTS = NewsLetters/NewsLetters.entitlements;
				CODE_SIGN_STYLE = Automatic;
				CURRENT_PROJECT_VERSION = 1;
				DEVELOPMENT_ASSET_PATHS = "\"NewsLetters/Preview Content\"";
				DEVELOPMENT_TEAM = 473BWG9258;
				ENABLE_HARDENED_RUNTIME = YES;
				ENABLE_PREVIEWS = YES;
				GENERATE_INFOPLIST_FILE = YES;
				"INFOPLIST_KEY_UIApplicationSceneManifest_Generation[sdk=iphoneos*]" = YES;
				"INFOPLIST_KEY_UIApplicationSceneManifest_Generation[sdk=iphonesimulator*]" = YES;
				"INFOPLIST_KEY_UIApplicationSupportsIndirectInputEvents[sdk=iphoneos*]" = YES;
				"INFOPLIST_KEY_UIApplicationSupportsIndirectInputEvents[sdk=iphonesimulator*]" = YES;
				"INFOPLIST_KEY_UILaunchScreen_Generation[sdk=iphoneos*]" = YES;
				"INFOPLIST_KEY_UILaunchScreen_Generation[sdk=iphonesimulator*]" = YES;
				"INFOPLIST_KEY_UIStatusBarStyle[sdk=iphoneos*]" = UIStatusBarStyleDefault;
				"INFOPLIST_KEY_UIStatusBarStyle[sdk=iphonesimulator*]" = UIStatusBarStyleDefault;
				INFOPLIST_KEY_UISupportedInterfaceOrientations_iPad = "UIInterfaceOrientationPortrait UIInterfaceOrientationPortraitUpsideDown UIInterfaceOrientationLandscapeLeft UIInterfaceOrientationLandscapeRight";
				INFOPLIST_KEY_UISupportedInterfaceOrientations_iPhone = "UIInterfaceOrientationPortrait UIInterfaceOrientationLandscapeLeft UIInterfaceOrientationLandscapeRight";
				IPHONEOS_DEPLOYMENT_TARGET = 18.1;
				LD_RUNPATH_SEARCH_PATHS = "@executable_path/Frameworks";
				"LD_RUNPATH_SEARCH_PATHS[sdk=macosx*]" = "@executable_path/../Frameworks";
				MACOSX_DEPLOYMENT_TARGET = 15.1;
				MARKETING_VERSION = 1.0;
				PRODUCT_BUNDLE_IDENTIFIER = Gokul.NewsLetters;
				PRODUCT_NAME = "$(TARGET_NAME)";
				SDKROOT = auto;
				SUPPORTED_PLATFORMS = "iphoneos iphonesimulator macosx xros xrsimulator";
				SWIFT_EMIT_LOC_STRINGS = YES;
				SWIFT_VERSION = 5.0;
				TARGETED_DEVICE_FAMILY = "1,2,7";
				XROS_DEPLOYMENT_TARGET = 2.1;
			};
			name = Debug;
		};
		4B86CA1A2D2C863900FC1205 /* Release */ = {
			isa = XCBuildConfiguration;
			buildSettings = {
				ASSETCATALOG_COMPILER_APPICON_NAME = AppIcon;
				ASSETCATALOG_COMPILER_GLOBAL_ACCENT_COLOR_NAME = AccentColor;
				CODE_SIGN_ENTITLEMENTS = NewsLetters/NewsLetters.entitlements;
				CODE_SIGN_STYLE = Automatic;
				CURRENT_PROJECT_VERSION = 1;
				DEVELOPMENT_ASSET_PATHS = "\"NewsLetters/Preview Content\"";
				DEVELOPMENT_TEAM = 473BWG9258;
				ENABLE_HARDENED_RUNTIME = YES;
				ENABLE_PREVIEWS = YES;
				GENERATE_INFOPLIST_FILE = YES;
				"INFOPLIST_KEY_UIApplicationSceneManifest_Generation[sdk=iphoneos*]" = YES;
				"INFOPLIST_KEY_UIApplicationSceneManifest_Generation[sdk=iphonesimulator*]" = YES;
				"INFOPLIST_KEY_UIApplicationSupportsIndirectInputEvents[sdk=iphoneos*]" = YES;
				"INFOPLIST_KEY_UIApplicationSupportsIndirectInputEvents[sdk=iphonesimulator*]" = YES;
				"INFOPLIST_KEY_UILaunchScreen_Generation[sdk=iphoneos*]" = YES;
				"INFOPLIST_KEY_UILaunchScreen_Generation[sdk=iphonesimulator*]" = YES;
				"INFOPLIST_KEY_UIStatusBarStyle[sdk=iphoneos*]" = UIStatusBarStyleDefault;
				"INFOPLIST_KEY_UIStatusBarStyle[sdk=iphonesimulator*]" = UIStatusBarStyleDefault;
				INFOPLIST_KEY_UISupportedInterfaceOrientations_iPad = "UIInterfaceOrientationPortrait UIInterfaceOrientationPortraitUpsideDown UIInterfaceOrientationLandscapeLeft UIInterfaceOrientationLandscapeRight";
				INFOPLIST_KEY_UISupportedInterfaceOrientations_iPhone = "UIInterfaceOrientationPortrait UIInterfaceOrientationLandscapeLeft UIInterfaceOrientationLandscapeRight";
				IPHONEOS_DEPLOYMENT_TARGET = 18.1;
				LD_RUNPATH_SEARCH_PATHS = "@executable_path/Frameworks";
				"LD_RUNPATH_SEARCH_PATHS[sdk=macosx*]" = "@executable_path/../Frameworks";
				MACOSX_DEPLOYMENT_TARGET = 15.1;
				MARKETING_VERSION = 1.0;
				PRODUCT_BUNDLE_IDENTIFIER = Gokul.NewsLetters;
				PRODUCT_NAME = "$(TARGET_NAME)";
				SDKROOT = auto;
				SUPPORTED_PLATFORMS = "iphoneos iphonesimulator macosx xros xrsimulator";
				SWIFT_EMIT_LOC_STRINGS = YES;
				SWIFT_VERSION = 5.0;
				TARGETED_DEVICE_FAMILY = "1,2,7";
				XROS_DEPLOYMENT_TARGET = 2.1;
			};
			name = Release;
		};
		4B86CA1C2D2C863900FC1205 /* Debug */ = {
			isa = XCBuildConfiguration;
			buildSettings = {
				BUNDLE_LOADER = "$(TEST_HOST)";
				CODE_SIGN_STYLE = Automatic;
				CURRENT_PROJECT_VERSION = 1;
				DEVELOPMENT_TEAM = 473BWG9258;
				GENERATE_INFOPLIST_FILE = YES;
				IPHONEOS_DEPLOYMENT_TARGET = 18.1;
				MACOSX_DEPLOYMENT_TARGET = 15.1;
				MARKETING_VERSION = 1.0;
				PRODUCT_BUNDLE_IDENTIFIER = Gokul.NewsLettersTests;
				PRODUCT_NAME = "$(TARGET_NAME)";
				SDKROOT = auto;
				SUPPORTED_PLATFORMS = "iphoneos iphonesimulator macosx xros xrsimulator";
				SWIFT_EMIT_LOC_STRINGS = NO;
				SWIFT_VERSION = 5.0;
				TARGETED_DEVICE_FAMILY = "1,2,7";
				TEST_HOST = "$(BUILT_PRODUCTS_DIR)/NewsLetters.app/$(BUNDLE_EXECUTABLE_FOLDER_PATH)/NewsLetters";
				XROS_DEPLOYMENT_TARGET = 2.1;
			};
			name = Debug;
		};
		4B86CA1D2D2C863900FC1205 /* Release */ = {
			isa = XCBuildConfiguration;
			buildSettings = {
				BUNDLE_LOADER = "$(TEST_HOST)";
				CODE_SIGN_STYLE = Automatic;
				CURRENT_PROJECT_VERSION = 1;
				DEVELOPMENT_TEAM = 473BWG9258;
				GENERATE_INFOPLIST_FILE = YES;
				IPHONEOS_DEPLOYMENT_TARGET = 18.1;
				MACOSX_DEPLOYMENT_TARGET = 15.1;
				MARKETING_VERSION = 1.0;
				PRODUCT_BUNDLE_IDENTIFIER = Gokul.NewsLettersTests;
				PRODUCT_NAME = "$(TARGET_NAME)";
				SDKROOT = auto;
				SUPPORTED_PLATFORMS = "iphoneos iphonesimulator macosx xros xrsimulator";
				SWIFT_EMIT_LOC_STRINGS = NO;
				SWIFT_VERSION = 5.0;
				TARGETED_DEVICE_FAMILY = "1,2,7";
				TEST_HOST = "$(BUILT_PRODUCTS_DIR)/NewsLetters.app/$(BUNDLE_EXECUTABLE_FOLDER_PATH)/NewsLetters";
				XROS_DEPLOYMENT_TARGET = 2.1;
			};
			name = Release;
		};
		4B86CA1F2D2C863900FC1205 /* Debug */ = {
			isa = XCBuildConfiguration;
			buildSettings = {
				CODE_SIGN_STYLE = Automatic;
				CURRENT_PROJECT_VERSION = 1;
				DEVELOPMENT_TEAM = 473BWG9258;
				GENERATE_INFOPLIST_FILE = YES;
				IPHONEOS_DEPLOYMENT_TARGET = 18.1;
				MACOSX_DEPLOYMENT_TARGET = 15.1;
				MARKETING_VERSION = 1.0;
				PRODUCT_BUNDLE_IDENTIFIER = Gokul.NewsLettersUITests;
				PRODUCT_NAME = "$(TARGET_NAME)";
				SDKROOT = auto;
				SUPPORTED_PLATFORMS = "iphoneos iphonesimulator macosx xros xrsimulator";
				SWIFT_EMIT_LOC_STRINGS = NO;
				SWIFT_VERSION = 5.0;
				TARGETED_DEVICE_FAMILY = "1,2,7";
				TEST_TARGET_NAME = NewsLetters;
				XROS_DEPLOYMENT_TARGET = 2.1;
			};
			name = Debug;
		};
		4B86CA202D2C863900FC1205 /* Release */ = {
			isa = XCBuildConfiguration;
			buildSettings = {
				CODE_SIGN_STYLE = Automatic;
				CURRENT_PROJECT_VERSION = 1;
				DEVELOPMENT_TEAM = 473BWG9258;
				GENERATE_INFOPLIST_FILE = YES;
				IPHONEOS_DEPLOYMENT_TARGET = 18.1;
				MACOSX_DEPLOYMENT_TARGET = 15.1;
				MARKETING_VERSION = 1.0;
				PRODUCT_BUNDLE_IDENTIFIER = Gokul.NewsLettersUITests;
				PRODUCT_NAME = "$(TARGET_NAME)";
				SDKROOT = auto;
				SUPPORTED_PLATFORMS = "iphoneos iphonesimulator macosx xros xrsimulator";
				SWIFT_EMIT_LOC_STRINGS = NO;
				SWIFT_VERSION = 5.0;
				TARGETED_DEVICE_FAMILY = "1,2,7";
				TEST_TARGET_NAME = NewsLetters;
				XROS_DEPLOYMENT_TARGET = 2.1;
			};
			name = Release;
		};
/* End XCBuildConfiguration section */

/* Begin XCConfigurationList section */
		4B86C9EE2D2C863800FC1205 /* Build configuration list for PBXProject "NewsLetters" */ = {
			isa = XCConfigurationList;
			buildConfigurations = (
				4B86CA162D2C863900FC1205 /* Debug */,
				4B86CA172D2C863900FC1205 /* Release */,
			);
			defaultConfigurationIsVisible = 0;
			defaultConfigurationName = Release;
		};
		4B86CA182D2C863900FC1205 /* Build configuration list for PBXNativeTarget "NewsLetters" */ = {
			isa = XCConfigurationList;
			buildConfigurations = (
				4B86CA192D2C863900FC1205 /* Debug */,
				4B86CA1A2D2C863900FC1205 /* Release */,
			);
			defaultConfigurationIsVisible = 0;
			defaultConfigurationName = Release;
		};
		4B86CA1B2D2C863900FC1205 /* Build configuration list for PBXNativeTarget "NewsLettersTests" */ = {
			isa = XCConfigurationList;
			buildConfigurations = (
				4B86CA1C2D2C863900FC1205 /* Debug */,
				4B86CA1D2D2C863900FC1205 /* Release */,
			);
			defaultConfigurationIsVisible = 0;
			defaultConfigurationName = Release;
		};
		4B86CA1E2D2C863900FC1205 /* Build configuration list for PBXNativeTarget "NewsLettersUITests" */ = {
			isa = XCConfigurationList;
			buildConfigurations = (
				4B86CA1F2D2C863900FC1205 /* Debug */,
				4B86CA202D2C863900FC1205 /* Release */,
			);
			defaultConfigurationIsVisible = 0;
			defaultConfigurationName = Release;
		};
/* End XCConfigurationList section */

/* Begin XCRemoteSwiftPackageReference section */
		4B86CAFF2D2E1CAD00FC1205 /* XCRemoteSwiftPackageReference "firebase-ios-sdk" */ = {
			isa = XCRemoteSwiftPackageReference;
			repositoryURL = "https://github.com/firebase/firebase-ios-sdk.git";
			requirement = {
				kind = upToNextMajorVersion;
				minimumVersion = 11.6.0;
			};
		};
/* End XCRemoteSwiftPackageReference section */

/* Begin XCSwiftPackageProductDependency section */
		4B86CB002D2E1CAD00FC1205 /* FirebaseCore */ = {
			isa = XCSwiftPackageProductDependency;
			package = 4B86CAFF2D2E1CAD00FC1205 /* XCRemoteSwiftPackageReference "firebase-ios-sdk" */;
			productName = FirebaseCore;
		};
		4B86CB022D2E1CAD00FC1205 /* FirebaseFirestore */ = {
			isa = XCSwiftPackageProductDependency;
			package = 4B86CAFF2D2E1CAD00FC1205 /* XCRemoteSwiftPackageReference "firebase-ios-sdk" */;
			productName = FirebaseFirestore;
		};
/* End XCSwiftPackageProductDependency section */
	};
	rootObject = 4B86C9EB2D2C863800FC1205 /* Project object */;
}
